{
  "name": "@2ng/state",
  "version": "0.1.0",
  "lockfileVersion": 1,
  "requires": true,
  "dependencies": {
    "@2utils/is-equal": {
      "version": "0.0.6",
      "resolved": "https://registry.npmjs.org/@2utils/is-equal/-/is-equal-0.0.6.tgz",
      "integrity": "sha512-XSADG3bM9uk3VSgWA8gpJRv/I8oaU61cRmrvOoN89amojzjP+Rqhr3XwrenrIM4fWrcbRNmzPiaedyl2Fc/Wgw=="
    }
  }
}
